
Microsoft Visual Studio Solution File, Format Version 12.00
# Visual Studio Version 17
VisualStudioVersion = 17.11.35312.102
MinimumVisualStudioVersion = 10.0.40219.1
Project("{FAE04EC0-301F-11D3-BF4B-00C04F79EFBC}") = "Практика C", "Практика C.csproj", "{61187961-D299-428E-B184-031044997D68}"
EndProject
Global
	GlobalSection(SolutionConfigurationPlatforms) = preSolution
		Debug|Any CPU = Debug|Any CPU
		Release|Any CPU = Release|Any CPU
	EndGlobalSection
	GlobalSection(ProjectConfigurationPlatforms) = postSolution
		{61187961-D299-428E-B184-031044997D68}.Debug|Any CPU.ActiveCfg = Debug|Any CPU
		{61187961-D299-428E-B184-031044997D68}.Debug|Any CPU.Build.0 = Debug|Any CPU
		{61187961-D299-428E-B184-031044997D68}.Release|Any CPU.ActiveCfg = Release|Any CPU
		{61187961-D299-428E-B184-031044997D68}.Release|Any CPU.Build.0 = Release|Any CPU
	EndGlobalSection
	GlobalSection(SolutionProperties) = preSolution
		HideSolutionNode = FALSE
	EndGlobalSection
	GlobalSection(ExtensibilityGlobals) = postSolution
		SolutionGuid = {16BBE999-1CA9-461D-8F44-44FFF26FDCF6}
	EndGlobalSection
EndGlobal
