
Microsoft Visual Studio Solution File, Format Version 12.00
# Visual Studio Version 17
VisualStudioVersion = 17.11.35312.102
MinimumVisualStudioVersion = 10.0.40219.1
Project("{FAE04EC0-301F-11D3-BF4B-00C04F79EFBC}") = "10. Функция Генерации Случайного Числа", "10. Функция Генерации Случайного Числа.csproj", "{65021D04-4030-4A53-B89E-F5478C1CDC23}"
EndProject
Global
	GlobalSection(SolutionConfigurationPlatforms) = preSolution
		Debug|Any CPU = Debug|Any CPU
		Release|Any CPU = Release|Any CPU
	EndGlobalSection
	GlobalSection(ProjectConfigurationPlatforms) = postSolution
		{65021D04-4030-4A53-B89E-F5478C1CDC23}.Debug|Any CPU.ActiveCfg = Debug|Any CPU
		{65021D04-4030-4A53-B89E-F5478C1CDC23}.Debug|Any CPU.Build.0 = Debug|Any CPU
		{65021D04-4030-4A53-B89E-F5478C1CDC23}.Release|Any CPU.ActiveCfg = Release|Any CPU
		{65021D04-4030-4A53-B89E-F5478C1CDC23}.Release|Any CPU.Build.0 = Release|Any CPU
	EndGlobalSection
	GlobalSection(SolutionProperties) = preSolution
		HideSolutionNode = FALSE
	EndGlobalSection
	GlobalSection(ExtensibilityGlobals) = postSolution
		SolutionGuid = {AEB21364-2122-43F4-9E0C-3D97B93CADB0}
	EndGlobalSection
EndGlobal
