
Microsoft Visual Studio Solution File, Format Version 12.00
# Visual Studio Version 17
VisualStudioVersion = 17.11.35312.102
MinimumVisualStudioVersion = 10.0.40219.1
Project("{FAE04EC0-301F-11D3-BF4B-00C04F79EFBC}") = "Задача под номером 6", "Задача под номером 6.csproj", "{916278C5-42BB-438E-BE03-8CE2960058F4}"
EndProject
Global
	GlobalSection(SolutionConfigurationPlatforms) = preSolution
		Debug|Any CPU = Debug|Any CPU
		Release|Any CPU = Release|Any CPU
	EndGlobalSection
	GlobalSection(ProjectConfigurationPlatforms) = postSolution
		{916278C5-42BB-438E-BE03-8CE2960058F4}.Debug|Any CPU.ActiveCfg = Debug|Any CPU
		{916278C5-42BB-438E-BE03-8CE2960058F4}.Debug|Any CPU.Build.0 = Debug|Any CPU
		{916278C5-42BB-438E-BE03-8CE2960058F4}.Release|Any CPU.ActiveCfg = Release|Any CPU
		{916278C5-42BB-438E-BE03-8CE2960058F4}.Release|Any CPU.Build.0 = Release|Any CPU
	EndGlobalSection
	GlobalSection(SolutionProperties) = preSolution
		HideSolutionNode = FALSE
	EndGlobalSection
	GlobalSection(ExtensibilityGlobals) = postSolution
		SolutionGuid = {6CDAC916-A4EA-4E30-A920-C295A97BC4AB}
	EndGlobalSection
EndGlobal
