
Microsoft Visual Studio Solution File, Format Version 12.00
# Visual Studio Version 17
VisualStudioVersion = 17.11.35312.102
MinimumVisualStudioVersion = 10.0.40219.1
Project("{FAE04EC0-301F-11D3-BF4B-00C04F79EFBC}") = "Задание 3 Функция Максимума", "Задание 3 Функция Максимума.csproj", "{3830A406-E9E3-4922-A6FD-5D1F906F3CF4}"
EndProject
Global
	GlobalSection(SolutionConfigurationPlatforms) = preSolution
		Debug|Any CPU = Debug|Any CPU
		Release|Any CPU = Release|Any CPU
	EndGlobalSection
	GlobalSection(ProjectConfigurationPlatforms) = postSolution
		{3830A406-E9E3-4922-A6FD-5D1F906F3CF4}.Debug|Any CPU.ActiveCfg = Debug|Any CPU
		{3830A406-E9E3-4922-A6FD-5D1F906F3CF4}.Debug|Any CPU.Build.0 = Debug|Any CPU
		{3830A406-E9E3-4922-A6FD-5D1F906F3CF4}.Release|Any CPU.ActiveCfg = Release|Any CPU
		{3830A406-E9E3-4922-A6FD-5D1F906F3CF4}.Release|Any CPU.Build.0 = Release|Any CPU
	EndGlobalSection
	GlobalSection(SolutionProperties) = preSolution
		HideSolutionNode = FALSE
	EndGlobalSection
	GlobalSection(ExtensibilityGlobals) = postSolution
		SolutionGuid = {63440E1F-5419-4CD4-BD26-84681080E980}
	EndGlobalSection
EndGlobal
