
Microsoft Visual Studio Solution File, Format Version 12.00
# Visual Studio Version 17
VisualStudioVersion = 17.11.35312.102
MinimumVisualStudioVersion = 10.0.40219.1
Project("{FAE04EC0-301F-11D3-BF4B-00C04F79EFBC}") = "Функция суммы задание 1", "Функция суммы задание 1.csproj", "{79D3D583-F5A4-4AF5-A9FF-711E01A1A210}"
EndProject
Global
	GlobalSection(SolutionConfigurationPlatforms) = preSolution
		Debug|Any CPU = Debug|Any CPU
		Release|Any CPU = Release|Any CPU
	EndGlobalSection
	GlobalSection(ProjectConfigurationPlatforms) = postSolution
		{79D3D583-F5A4-4AF5-A9FF-711E01A1A210}.Debug|Any CPU.ActiveCfg = Debug|Any CPU
		{79D3D583-F5A4-4AF5-A9FF-711E01A1A210}.Debug|Any CPU.Build.0 = Debug|Any CPU
		{79D3D583-F5A4-4AF5-A9FF-711E01A1A210}.Release|Any CPU.ActiveCfg = Release|Any CPU
		{79D3D583-F5A4-4AF5-A9FF-711E01A1A210}.Release|Any CPU.Build.0 = Release|Any CPU
	EndGlobalSection
	GlobalSection(SolutionProperties) = preSolution
		HideSolutionNode = FALSE
	EndGlobalSection
	GlobalSection(ExtensibilityGlobals) = postSolution
		SolutionGuid = {BA284BC2-2322-4027-BCC0-6BD4341DB51E}
	EndGlobalSection
EndGlobal
