
Microsoft Visual Studio Solution File, Format Version 12.00
# Visual Studio Version 17
VisualStudioVersion = 17.11.35312.102
MinimumVisualStudioVersion = 10.0.40219.1
Project("{FAE04EC0-301F-11D3-BF4B-00C04F79EFBC}") = "Задача под номером 5", "Задача под номером 5.csproj", "{28EA9A8D-348F-498A-B0E2-E3024D621DFA}"
EndProject
Global
	GlobalSection(SolutionConfigurationPlatforms) = preSolution
		Debug|Any CPU = Debug|Any CPU
		Release|Any CPU = Release|Any CPU
	EndGlobalSection
	GlobalSection(ProjectConfigurationPlatforms) = postSolution
		{28EA9A8D-348F-498A-B0E2-E3024D621DFA}.Debug|Any CPU.ActiveCfg = Debug|Any CPU
		{28EA9A8D-348F-498A-B0E2-E3024D621DFA}.Debug|Any CPU.Build.0 = Debug|Any CPU
		{28EA9A8D-348F-498A-B0E2-E3024D621DFA}.Release|Any CPU.ActiveCfg = Release|Any CPU
		{28EA9A8D-348F-498A-B0E2-E3024D621DFA}.Release|Any CPU.Build.0 = Release|Any CPU
	EndGlobalSection
	GlobalSection(SolutionProperties) = preSolution
		HideSolutionNode = FALSE
	EndGlobalSection
	GlobalSection(ExtensibilityGlobals) = postSolution
		SolutionGuid = {412468EC-7668-4156-8F38-A6211198B5D1}
	EndGlobalSection
EndGlobal
