
Microsoft Visual Studio Solution File, Format Version 12.00
# Visual Studio Version 17
VisualStudioVersion = 17.11.35312.102
MinimumVisualStudioVersion = 10.0.40219.1
Project("{FAE04EC0-301F-11D3-BF4B-00C04F79EFBC}") = "ДЗ ПОД НОМЕРОМ 1", "ДЗ ПОД НОМЕРОМ 1.csproj", "{B182606A-8C76-4688-A501-9CCF9FC478F0}"
EndProject
Global
	GlobalSection(SolutionConfigurationPlatforms) = preSolution
		Debug|Any CPU = Debug|Any CPU
		Release|Any CPU = Release|Any CPU
	EndGlobalSection
	GlobalSection(ProjectConfigurationPlatforms) = postSolution
		{B182606A-8C76-4688-A501-9CCF9FC478F0}.Debug|Any CPU.ActiveCfg = Debug|Any CPU
		{B182606A-8C76-4688-A501-9CCF9FC478F0}.Debug|Any CPU.Build.0 = Debug|Any CPU
		{B182606A-8C76-4688-A501-9CCF9FC478F0}.Release|Any CPU.ActiveCfg = Release|Any CPU
		{B182606A-8C76-4688-A501-9CCF9FC478F0}.Release|Any CPU.Build.0 = Release|Any CPU
	EndGlobalSection
	GlobalSection(SolutionProperties) = preSolution
		HideSolutionNode = FALSE
	EndGlobalSection
	GlobalSection(ExtensibilityGlobals) = postSolution
		SolutionGuid = {717FFE87-BF9A-43D1-8A52-34A7FDC69968}
	EndGlobalSection
EndGlobal
