
Microsoft Visual Studio Solution File, Format Version 12.00
# Visual Studio Version 17
VisualStudioVersion = 17.11.35312.102
MinimumVisualStudioVersion = 10.0.40219.1
Project("{FAE04EC0-301F-11D3-BF4B-00C04F79EFBC}") = "Домашняя работа номер 2", "Домашняя работа номер 2.csproj", "{E42554A1-BFE7-43B5-9DD3-C0D90A43388D}"
EndProject
Global
	GlobalSection(SolutionConfigurationPlatforms) = preSolution
		Debug|Any CPU = Debug|Any CPU
		Release|Any CPU = Release|Any CPU
	EndGlobalSection
	GlobalSection(ProjectConfigurationPlatforms) = postSolution
		{E42554A1-BFE7-43B5-9DD3-C0D90A43388D}.Debug|Any CPU.ActiveCfg = Debug|Any CPU
		{E42554A1-BFE7-43B5-9DD3-C0D90A43388D}.Debug|Any CPU.Build.0 = Debug|Any CPU
		{E42554A1-BFE7-43B5-9DD3-C0D90A43388D}.Release|Any CPU.ActiveCfg = Release|Any CPU
		{E42554A1-BFE7-43B5-9DD3-C0D90A43388D}.Release|Any CPU.Build.0 = Release|Any CPU
	EndGlobalSection
	GlobalSection(SolutionProperties) = preSolution
		HideSolutionNode = FALSE
	EndGlobalSection
	GlobalSection(ExtensibilityGlobals) = postSolution
		SolutionGuid = {C76E2ABD-1812-4974-A8A5-37459E64E61C}
	EndGlobalSection
EndGlobal
