
Microsoft Visual Studio Solution File, Format Version 12.00
# Visual Studio Version 17
VisualStudioVersion = 17.11.35312.102
MinimumVisualStudioVersion = 10.0.40219.1
Project("{FAE04EC0-301F-11D3-BF4B-00C04F79EFBC}") = "Практика В задание 5", "Практика В задание 5.csproj", "{2BC156DB-87E3-4F7D-BBF5-6D9E3CB7AE32}"
EndProject
Global
	GlobalSection(SolutionConfigurationPlatforms) = preSolution
		Debug|Any CPU = Debug|Any CPU
		Release|Any CPU = Release|Any CPU
	EndGlobalSection
	GlobalSection(ProjectConfigurationPlatforms) = postSolution
		{2BC156DB-87E3-4F7D-BBF5-6D9E3CB7AE32}.Debug|Any CPU.ActiveCfg = Debug|Any CPU
		{2BC156DB-87E3-4F7D-BBF5-6D9E3CB7AE32}.Debug|Any CPU.Build.0 = Debug|Any CPU
		{2BC156DB-87E3-4F7D-BBF5-6D9E3CB7AE32}.Release|Any CPU.ActiveCfg = Release|Any CPU
		{2BC156DB-87E3-4F7D-BBF5-6D9E3CB7AE32}.Release|Any CPU.Build.0 = Release|Any CPU
	EndGlobalSection
	GlobalSection(SolutionProperties) = preSolution
		HideSolutionNode = FALSE
	EndGlobalSection
	GlobalSection(ExtensibilityGlobals) = postSolution
		SolutionGuid = {0FB3D861-FEDB-4FA9-A190-F05C35D07D85}
	EndGlobalSection
EndGlobal
